
Microsoft Visual Studio Solution File, Format Version 12.00
# Visual Studio 15
VisualStudioVersion = 15.0.27004.2009
MinimumVisualStudioVersion = 10.0.40219.1
Project("{FAE04EC0-301F-11D3-BF4B-00C04F79EFBC}") = "NET.Start", "NET.Start\NET.Start.csproj", "{507DB4CB-9413-47A8-BBA8-5F59B18F6DE0}"
EndProject
Project("{2150E333-8FDC-42A3-9474-1A3956D46DE8}") = "NET.Libraries", "NET.Libraries", "{BEA373DF-39E8-4895-A496-B584553F55E1}"
EndProject
Project("{2150E333-8FDC-42A3-9474-1A3956D46DE8}") = "NET.Plugin", "NET.Plugin", "{F446B7A1-7837-4BC4-AAC6-8CE2FC2AD1C4}"
EndProject
Project("{2150E333-8FDC-42A3-9474-1A3956D46DE8}") = "NET.Test", "NET.Test", "{BB7468C4-A774-42BA-9500-1412288188BB}"
EndProject
Project("{FAE04EC0-301F-11D3-BF4B-00C04F79EFBC}") = "NET.Communication", "NET.Communication\NET.Communication.csproj", "{2E7346A6-39B0-43BB-A455-966821B20341}"
EndProject
Project("{2150E333-8FDC-42A3-9474-1A3956D46DE8}") = "NET.Tools", "NET.Tools", "{13F122C4-2CF8-4478-B9B9-CD8B2B4828DD}"
EndProject
Project("{FAE04EC0-301F-11D3-BF4B-00C04F79EFBC}") = "NET.Utilities", "NET.Utility\NET.Utilities.csproj", "{1BDCD9AA-7007-4C31-B98E-4A7AEF959EBA}"
EndProject
Project("{FAE04EC0-301F-11D3-BF4B-00C04F79EFBC}") = "NET.UnitTest", "NET.UnitTest\NET.UnitTest.csproj", "{49666CFF-59E2-447C-AA69-8B78EDF167E2}"
EndProject
Project("{FAE04EC0-301F-11D3-BF4B-00C04F79EFBC}") = "ComputerData", "ComputerData\ComputerData.csproj", "{EE36C63B-F6D2-433D-8E93-B2CCDA16DC2C}"
EndProject
Project("{FAE04EC0-301F-11D3-BF4B-00C04F79EFBC}") = "NET.ConsoleApp", "NET.ConsoleApp\NET.ConsoleApp.csproj", "{B8CADA33-192B-4C85-AB40-867248855B8C}"
EndProject
Project("{FAE04EC0-301F-11D3-BF4B-00C04F79EFBC}") = "WpfTools", "WpfTools\WpfTools.csproj", "{731489A4-2385-4DED-8B03-F9E39B2F0FDC}"
EndProject
Project("{FAE04EC0-301F-11D3-BF4B-00C04F79EFBC}") = "WpfMaterialDesignDemo", "WpfMaterialDesignDemo\WpfMaterialDesignDemo.csproj", "{2261BAE1-0E84-495F-B789-0162602CB759}"
EndProject
Project("{FAE04EC0-301F-11D3-BF4B-00C04F79EFBC}") = "RsaKeyCreate", "RsaKeyCreate\RsaKeyCreate.csproj", "{8A994C8E-AD72-43F2-A575-CDA465341855}"
EndProject
Global
	GlobalSection(SolutionConfigurationPlatforms) = preSolution
		Debug|Any CPU = Debug|Any CPU
		Release|Any CPU = Release|Any CPU
	EndGlobalSection
	GlobalSection(ProjectConfigurationPlatforms) = postSolution
		{507DB4CB-9413-47A8-BBA8-5F59B18F6DE0}.Debug|Any CPU.ActiveCfg = Debug|Any CPU
		{507DB4CB-9413-47A8-BBA8-5F59B18F6DE0}.Debug|Any CPU.Build.0 = Debug|Any CPU
		{507DB4CB-9413-47A8-BBA8-5F59B18F6DE0}.Release|Any CPU.ActiveCfg = Release|Any CPU
		{507DB4CB-9413-47A8-BBA8-5F59B18F6DE0}.Release|Any CPU.Build.0 = Release|Any CPU
		{2E7346A6-39B0-43BB-A455-966821B20341}.Debug|Any CPU.ActiveCfg = Debug|Any CPU
		{2E7346A6-39B0-43BB-A455-966821B20341}.Debug|Any CPU.Build.0 = Debug|Any CPU
		{2E7346A6-39B0-43BB-A455-966821B20341}.Release|Any CPU.ActiveCfg = Release|Any CPU
		{2E7346A6-39B0-43BB-A455-966821B20341}.Release|Any CPU.Build.0 = Release|Any CPU
		{1BDCD9AA-7007-4C31-B98E-4A7AEF959EBA}.Debug|Any CPU.ActiveCfg = Debug|Any CPU
		{1BDCD9AA-7007-4C31-B98E-4A7AEF959EBA}.Debug|Any CPU.Build.0 = Debug|Any CPU
		{1BDCD9AA-7007-4C31-B98E-4A7AEF959EBA}.Release|Any CPU.ActiveCfg = Release|Any CPU
		{1BDCD9AA-7007-4C31-B98E-4A7AEF959EBA}.Release|Any CPU.Build.0 = Release|Any CPU
		{49666CFF-59E2-447C-AA69-8B78EDF167E2}.Debug|Any CPU.ActiveCfg = Debug|Any CPU
		{49666CFF-59E2-447C-AA69-8B78EDF167E2}.Debug|Any CPU.Build.0 = Debug|Any CPU
		{49666CFF-59E2-447C-AA69-8B78EDF167E2}.Release|Any CPU.ActiveCfg = Release|Any CPU
		{49666CFF-59E2-447C-AA69-8B78EDF167E2}.Release|Any CPU.Build.0 = Release|Any CPU
		{EE36C63B-F6D2-433D-8E93-B2CCDA16DC2C}.Debug|Any CPU.ActiveCfg = Debug|Any CPU
		{EE36C63B-F6D2-433D-8E93-B2CCDA16DC2C}.Debug|Any CPU.Build.0 = Debug|Any CPU
		{EE36C63B-F6D2-433D-8E93-B2CCDA16DC2C}.Release|Any CPU.ActiveCfg = Release|Any CPU
		{EE36C63B-F6D2-433D-8E93-B2CCDA16DC2C}.Release|Any CPU.Build.0 = Release|Any CPU
		{B8CADA33-192B-4C85-AB40-867248855B8C}.Debug|Any CPU.ActiveCfg = Debug|Any CPU
		{B8CADA33-192B-4C85-AB40-867248855B8C}.Debug|Any CPU.Build.0 = Debug|Any CPU
		{B8CADA33-192B-4C85-AB40-867248855B8C}.Release|Any CPU.ActiveCfg = Release|Any CPU
		{B8CADA33-192B-4C85-AB40-867248855B8C}.Release|Any CPU.Build.0 = Release|Any CPU
		{731489A4-2385-4DED-8B03-F9E39B2F0FDC}.Debug|Any CPU.ActiveCfg = Debug|Any CPU
		{731489A4-2385-4DED-8B03-F9E39B2F0FDC}.Debug|Any CPU.Build.0 = Debug|Any CPU
		{731489A4-2385-4DED-8B03-F9E39B2F0FDC}.Release|Any CPU.ActiveCfg = Release|Any CPU
		{731489A4-2385-4DED-8B03-F9E39B2F0FDC}.Release|Any CPU.Build.0 = Release|Any CPU
		{2261BAE1-0E84-495F-B789-0162602CB759}.Debug|Any CPU.ActiveCfg = Debug|Any CPU
		{2261BAE1-0E84-495F-B789-0162602CB759}.Debug|Any CPU.Build.0 = Debug|Any CPU
		{2261BAE1-0E84-495F-B789-0162602CB759}.Release|Any CPU.ActiveCfg = Release|Any CPU
		{2261BAE1-0E84-495F-B789-0162602CB759}.Release|Any CPU.Build.0 = Release|Any CPU
		{8A994C8E-AD72-43F2-A575-CDA465341855}.Debug|Any CPU.ActiveCfg = Debug|Any CPU
		{8A994C8E-AD72-43F2-A575-CDA465341855}.Debug|Any CPU.Build.0 = Debug|Any CPU
		{8A994C8E-AD72-43F2-A575-CDA465341855}.Release|Any CPU.ActiveCfg = Release|Any CPU
		{8A994C8E-AD72-43F2-A575-CDA465341855}.Release|Any CPU.Build.0 = Release|Any CPU
	EndGlobalSection
	GlobalSection(SolutionProperties) = preSolution
		HideSolutionNode = FALSE
	EndGlobalSection
	GlobalSection(NestedProjects) = preSolution
		{507DB4CB-9413-47A8-BBA8-5F59B18F6DE0} = {BB7468C4-A774-42BA-9500-1412288188BB}
		{2E7346A6-39B0-43BB-A455-966821B20341} = {BEA373DF-39E8-4895-A496-B584553F55E1}
		{1BDCD9AA-7007-4C31-B98E-4A7AEF959EBA} = {BEA373DF-39E8-4895-A496-B584553F55E1}
		{49666CFF-59E2-447C-AA69-8B78EDF167E2} = {BB7468C4-A774-42BA-9500-1412288188BB}
		{EE36C63B-F6D2-433D-8E93-B2CCDA16DC2C} = {13F122C4-2CF8-4478-B9B9-CD8B2B4828DD}
		{B8CADA33-192B-4C85-AB40-867248855B8C} = {BB7468C4-A774-42BA-9500-1412288188BB}
		{731489A4-2385-4DED-8B03-F9E39B2F0FDC} = {13F122C4-2CF8-4478-B9B9-CD8B2B4828DD}
		{2261BAE1-0E84-495F-B789-0162602CB759} = {13F122C4-2CF8-4478-B9B9-CD8B2B4828DD}
		{8A994C8E-AD72-43F2-A575-CDA465341855} = {13F122C4-2CF8-4478-B9B9-CD8B2B4828DD}
	EndGlobalSection
	GlobalSection(ExtensibilityGlobals) = postSolution
		SolutionGuid = {554E80D2-DCDB-43BE-92E3-4EA20A905FE2}
	EndGlobalSection
EndGlobal
