
Microsoft Visual Studio Solution File, Format Version 12.00
# Visual Studio 15
VisualStudioVersion = 15.0.27004.2009
MinimumVisualStudioVersion = 10.0.40219.1
Project("{FAE04EC0-301F-11D3-BF4B-00C04F79EFBC}") = "TestMac", "TestMac\TestMac.csproj", "{AA69515A-7E25-42AE-A1FB-6DDDAA7FD9BD}"
EndProject
Global
	GlobalSection(SolutionConfigurationPlatforms) = preSolution
		Debug|Any CPU = Debug|Any CPU
		Release|Any CPU = Release|Any CPU
	EndGlobalSection
	GlobalSection(ProjectConfigurationPlatforms) = postSolution
		{AA69515A-7E25-42AE-A1FB-6DDDAA7FD9BD}.Debug|Any CPU.ActiveCfg = Debug|Any CPU
		{AA69515A-7E25-42AE-A1FB-6DDDAA7FD9BD}.Debug|Any CPU.Build.0 = Debug|Any CPU
		{AA69515A-7E25-42AE-A1FB-6DDDAA7FD9BD}.Release|Any CPU.ActiveCfg = Release|Any CPU
		{AA69515A-7E25-42AE-A1FB-6DDDAA7FD9BD}.Release|Any CPU.Build.0 = Release|Any CPU
	EndGlobalSection
	GlobalSection(SolutionProperties) = preSolution
		HideSolutionNode = FALSE
	EndGlobalSection
	GlobalSection(ExtensibilityGlobals) = postSolution
		SolutionGuid = {815B57D3-C90D-42A5-AE83-9ACFAE47497C}
	EndGlobalSection
EndGlobal
